
Microsoft Visual Studio Solution File, Format Version 12.00
# Visual Studio Version 16
VisualStudioVersion = 16.0.31005.135
MinimumVisualStudioVersion = 10.0.40219.1
Project("{FAE04EC0-301F-11D3-BF4B-00C04F79EFBC}") = "VivifyTest", "VivifyTest\VivifyTest.csproj", "{F27FC5A5-756F-4052-B454-34C35D32A808}"
EndProject
Project("{FAE04EC0-301F-11D3-BF4B-00C04F79EFBC}") = "VivifyTest.Shared", "VivifyTest.Shared\VivifyTest.Shared.csproj", "{6C31974D-42FD-424D-8AB7-3BEB2F186CA4}"
EndProject
Global
	GlobalSection(SolutionConfigurationPlatforms) = preSolution
		Debug|Any CPU = Debug|Any CPU
		Release|Any CPU = Release|Any CPU
	EndGlobalSection
	GlobalSection(ProjectConfigurationPlatforms) = postSolution
		{F27FC5A5-756F-4052-B454-34C35D32A808}.Debug|Any CPU.ActiveCfg = Debug|Any CPU
		{F27FC5A5-756F-4052-B454-34C35D32A808}.Debug|Any CPU.Build.0 = Debug|Any CPU
		{F27FC5A5-756F-4052-B454-34C35D32A808}.Release|Any CPU.ActiveCfg = Release|Any CPU
		{F27FC5A5-756F-4052-B454-34C35D32A808}.Release|Any CPU.Build.0 = Release|Any CPU
		{6C31974D-42FD-424D-8AB7-3BEB2F186CA4}.Debug|Any CPU.ActiveCfg = Debug|Any CPU
		{6C31974D-42FD-424D-8AB7-3BEB2F186CA4}.Debug|Any CPU.Build.0 = Debug|Any CPU
		{6C31974D-42FD-424D-8AB7-3BEB2F186CA4}.Release|Any CPU.ActiveCfg = Release|Any CPU
		{6C31974D-42FD-424D-8AB7-3BEB2F186CA4}.Release|Any CPU.Build.0 = Release|Any CPU
	EndGlobalSection
	GlobalSection(SolutionProperties) = preSolution
		HideSolutionNode = FALSE
	EndGlobalSection
	GlobalSection(ExtensibilityGlobals) = postSolution
		SolutionGuid = {3B35B0C1-5452-4407-A91D-9D575562E693}
	EndGlobalSection
EndGlobal
